
Microsoft Visual Studio Solution File, Format Version 12.00
# Visual Studio Version 17
VisualStudioVersion = 17.5.33502.453
MinimumVisualStudioVersion = 10.0.40219.1
Project("{FAE04EC0-301F-11D3-BF4B-00C04F79EFBC}") = "WebApplication1", "WebApplication1.csproj", "{CCC1B69A-04AB-4EFD-AC94-FDB243CE656E}"
EndProject
Global
	GlobalSection(SolutionConfigurationPlatforms) = preSolution
		Debug|Any CPU = Debug|Any CPU
		Release|Any CPU = Release|Any CPU
	EndGlobalSection
	GlobalSection(ProjectConfigurationPlatforms) = postSolution
		{CCC1B69A-04AB-4EFD-AC94-FDB243CE656E}.Debug|Any CPU.ActiveCfg = Debug|Any CPU
		{CCC1B69A-04AB-4EFD-AC94-FDB243CE656E}.Debug|Any CPU.Build.0 = Debug|Any CPU
		{CCC1B69A-04AB-4EFD-AC94-FDB243CE656E}.Release|Any CPU.ActiveCfg = Release|Any CPU
		{CCC1B69A-04AB-4EFD-AC94-FDB243CE656E}.Release|Any CPU.Build.0 = Release|Any CPU
	EndGlobalSection
	GlobalSection(SolutionProperties) = preSolution
		HideSolutionNode = FALSE
	EndGlobalSection
	GlobalSection(ExtensibilityGlobals) = postSolution
		SolutionGuid = {967C92DB-FB7B-4B92-A650-C9EA390F9A50}
	EndGlobalSection
EndGlobal
